<?xml version="1.0" encoding="utf-8"?>
<Project ToolsVersion="4.0" xmlns="http://schemas.microsoft.com/developer/msbuild/2003">
  <ItemGroup>
    <Filter Include="inc">
      <UniqueIdentifier>{8734e10a-415d-47a9-9754-75e0a47fcec6}</UniqueIdentifier>
    </Filter>
    <Filter Include="src">
      <UniqueIdentifier>{c3684d6e-8b8d-427b-9069-220abf444cf0}</UniqueIdentifier>
    </Filter>
  </ItemGroup>
  <ItemGroup>
    <ClInclude Include="inc\cmd_arg_reader.h">
      <Filter>inc</Filter>
    </ClInclude>
    <ClInclude Include="inc\shrQATest.h">
      <Filter>inc</Filter>
    </ClInclude>
    <ClInclude Include="inc\shrUtils.h">
      <Filter>inc</Filter>
    </ClInclude>
  </ItemGroup>
  <ItemGroup>
    <ClCompile Include="src\cmd_arg_reader.cpp">
      <Filter>src</Filter>
    </ClCompile>
    <ClCompile Include="src\shrUtils.cpp">
      <Filter>src</Filter>
    </ClCompile>
  </ItemGroup>
</Project>